
Microsoft Visual Studio Solution File, Format Version 12.00
# Visual Studio Version 17
VisualStudioVersion = 17.4.33103.184
MinimumVisualStudioVersion = 10.0.40219.1
Project("{FAE04EC0-301F-11D3-BF4B-00C04F79EFBC}") = "WesternInn_zilun,gabriel,zhihan,youxian", "WesternInn_zilun,gabriel,zhihan,youxian.csproj", "{4767BA45-D760-452F-BB05-D5C1126F367D}"
EndProject
Global
	GlobalSection(SolutionConfigurationPlatforms) = preSolution
		Debug|Any CPU = Debug|Any CPU
		Release|Any CPU = Release|Any CPU
	EndGlobalSection
	GlobalSection(ProjectConfigurationPlatforms) = postSolution
		{4767BA45-D760-452F-BB05-D5C1126F367D}.Debug|Any CPU.ActiveCfg = Debug|Any CPU
		{4767BA45-D760-452F-BB05-D5C1126F367D}.Debug|Any CPU.Build.0 = Debug|Any CPU
		{4767BA45-D760-452F-BB05-D5C1126F367D}.Release|Any CPU.ActiveCfg = Release|Any CPU
		{4767BA45-D760-452F-BB05-D5C1126F367D}.Release|Any CPU.Build.0 = Release|Any CPU
	EndGlobalSection
	GlobalSection(SolutionProperties) = preSolution
		HideSolutionNode = FALSE
	EndGlobalSection
	GlobalSection(ExtensibilityGlobals) = postSolution
		SolutionGuid = {336EFCE9-276E-4553-8F68-0F5B204B3C68}
	EndGlobalSection
EndGlobal
